
Microsoft Visual Studio Solution File, Format Version 12.00
# Visual Studio Version 17
VisualStudioVersion = 17.8.34330.188
MinimumVisualStudioVersion = 10.0.40219.1
Project("{2150E333-8FDC-42A3-9474-1A3956D46DE8}") = "Tests", "Tests", "{B32662F8-E8C3-4A3F-B1FD-357D379E634E}"
EndProject
Project("{9A19103F-16F7-4668-BE54-9A1E7A4F7556}") = "UnitTests", "UnitTests\UnitTests.csproj", "{D7676D9B-C241-42ED-AB82-95BE0DDCD9EF}"
EndProject
Project("{9A19103F-16F7-4668-BE54-9A1E7A4F7556}") = "EndToEndTests", "EndToEndTests\EndToEndTests.csproj", "{253B5CE6-EFF6-4F42-8D79-AC6F61B29ADB}"
EndProject
Global
	GlobalSection(SolutionConfigurationPlatforms) = preSolution
		Debug|Any CPU = Debug|Any CPU
		Release|Any CPU = Release|Any CPU
	EndGlobalSection
	GlobalSection(ProjectConfigurationPlatforms) = postSolution
		{D7676D9B-C241-42ED-AB82-95BE0DDCD9EF}.Debug|Any CPU.ActiveCfg = Debug|Any CPU
		{D7676D9B-C241-42ED-AB82-95BE0DDCD9EF}.Debug|Any CPU.Build.0 = Debug|Any CPU
		{D7676D9B-C241-42ED-AB82-95BE0DDCD9EF}.Release|Any CPU.ActiveCfg = Release|Any CPU
		{D7676D9B-C241-42ED-AB82-95BE0DDCD9EF}.Release|Any CPU.Build.0 = Release|Any CPU
		{253B5CE6-EFF6-4F42-8D79-AC6F61B29ADB}.Debug|Any CPU.ActiveCfg = Debug|Any CPU
		{253B5CE6-EFF6-4F42-8D79-AC6F61B29ADB}.Debug|Any CPU.Build.0 = Debug|Any CPU
		{253B5CE6-EFF6-4F42-8D79-AC6F61B29ADB}.Release|Any CPU.ActiveCfg = Release|Any CPU
		{253B5CE6-EFF6-4F42-8D79-AC6F61B29ADB}.Release|Any CPU.Build.0 = Release|Any CPU
	EndGlobalSection
	GlobalSection(SolutionProperties) = preSolution
		HideSolutionNode = FALSE
	EndGlobalSection
	GlobalSection(NestedProjects) = preSolution
		{D7676D9B-C241-42ED-AB82-95BE0DDCD9EF} = {B32662F8-E8C3-4A3F-B1FD-357D379E634E}
		{253B5CE6-EFF6-4F42-8D79-AC6F61B29ADB} = {B32662F8-E8C3-4A3F-B1FD-357D379E634E}
	EndGlobalSection
	GlobalSection(ExtensibilityGlobals) = postSolution
		SolutionGuid = {3930049E-76F8-4FDC-81C2-5EFECF3B765E}
	EndGlobalSection
EndGlobal
